
Microsoft Visual Studio Solution File, Format Version 12.00
# Visual Studio Version 16
VisualStudioVersion = 16.0.31613.86
MinimumVisualStudioVersion = 10.0.40219.1
Project("{9A19103F-16F7-4668-BE54-9A1E7A4F7556}") = "AS.AdvertisementApp.Common", "AS.AdvertisementApp.Common\AS.AdvertisementApp.Common.csproj", "{47303090-21B1-4DDB-A660-B37574D208D7}"
EndProject
Project("{9A19103F-16F7-4668-BE54-9A1E7A4F7556}") = "AS.AdvertisementApp.Entities", "AS.AdvertisementApp.Entities\AS.AdvertisementApp.Entities.csproj", "{FEC8E9EF-8784-4CEF-B3D8-AC7CB4EE1F23}"
EndProject
Project("{FAE04EC0-301F-11D3-BF4B-00C04F79EFBC}") = "AS.AdvertisementApp.DataAccess", "AS.AdvertisementApp.DataAccess\AS.AdvertisementApp.DataAccess.csproj", "{9F756C33-0977-493F-9BA8-ABC90BF21420}"
EndProject
Global
	GlobalSection(SolutionConfigurationPlatforms) = preSolution
		Debug|Any CPU = Debug|Any CPU
		Release|Any CPU = Release|Any CPU
	EndGlobalSection
	GlobalSection(ProjectConfigurationPlatforms) = postSolution
		{47303090-21B1-4DDB-A660-B37574D208D7}.Debug|Any CPU.ActiveCfg = Debug|Any CPU
		{47303090-21B1-4DDB-A660-B37574D208D7}.Debug|Any CPU.Build.0 = Debug|Any CPU
		{47303090-21B1-4DDB-A660-B37574D208D7}.Release|Any CPU.ActiveCfg = Release|Any CPU
		{47303090-21B1-4DDB-A660-B37574D208D7}.Release|Any CPU.Build.0 = Release|Any CPU
		{FEC8E9EF-8784-4CEF-B3D8-AC7CB4EE1F23}.Debug|Any CPU.ActiveCfg = Debug|Any CPU
		{FEC8E9EF-8784-4CEF-B3D8-AC7CB4EE1F23}.Debug|Any CPU.Build.0 = Debug|Any CPU
		{FEC8E9EF-8784-4CEF-B3D8-AC7CB4EE1F23}.Release|Any CPU.ActiveCfg = Release|Any CPU
		{FEC8E9EF-8784-4CEF-B3D8-AC7CB4EE1F23}.Release|Any CPU.Build.0 = Release|Any CPU
		{9F756C33-0977-493F-9BA8-ABC90BF21420}.Debug|Any CPU.ActiveCfg = Debug|Any CPU
		{9F756C33-0977-493F-9BA8-ABC90BF21420}.Debug|Any CPU.Build.0 = Debug|Any CPU
		{9F756C33-0977-493F-9BA8-ABC90BF21420}.Release|Any CPU.ActiveCfg = Release|Any CPU
		{9F756C33-0977-493F-9BA8-ABC90BF21420}.Release|Any CPU.Build.0 = Release|Any CPU
	EndGlobalSection
	GlobalSection(SolutionProperties) = preSolution
		HideSolutionNode = FALSE
	EndGlobalSection
	GlobalSection(ExtensibilityGlobals) = postSolution
		SolutionGuid = {27B4772C-E9D7-498A-A2D8-016FE8949C1C}
	EndGlobalSection
EndGlobal
